// !$*UTF8*$!
{
	archiveVersion = 1;
	classes = {
	};
	objectVersion = 55;
	objects = {

/* Begin PBXBuildFile section */
		FF2B5ECF27AD05DB00D91A7C /* TestApp.swift in Sources */ = {isa = PBXBuildFile; fileRef = FF2B5ECE27AD05DB00D91A7C /* TestApp.swift */; };
		FF2B5ED127AD05DB00D91A7C /* ContentView.swift in Sources */ = {isa = PBXBuildFile; fileRef = FF2B5ED027AD05DB00D91A7C /* ContentView.swift */; };
		FF2B5ED327AD05DD00D91A7C /* Assets.xcassets in Resources */ = {isa = PBXBuildFile; fileRef = FF2B5ED227AD05DD00D91A7C /* Assets.xcassets */; };
		FF2B5ED627AD05DD00D91A7C /* Preview Assets.xcassets in Resources */ = {isa = PBXBuildFile; fileRef = FF2B5ED527AD05DD00D91A7C /* Preview Assets.xcassets */; };
		FF2B5EE027AD05DD00D91A7C /* TestTests.swift in Sources */ = {isa = PBXBuildFile; fileRef = FF2B5EDF27AD05DD00D91A7C /* TestTests.swift */; };
		FF2B5EEA27AD05DD00D91A7C /* TestUITests.swift in Sources */ = {isa = PBXBuildFile; fileRef = FF2B5EE927AD05DD00D91A7C /* TestUITests.swift */; };
		FF2B5EEC27AD05DD00D91A7C /* TestUITestsLaunchTests.swift in Sources */ = {isa = PBXBuildFile; fileRef = FF2B5EEB27AD05DD00D91A7C /* TestUITestsLaunchTests.swift */; };
/* End PBXBuildFile section */

/* Begin PBXContainerItemProxy section */
		FF2B5EDC27AD05DD00D91A7C /* PBXContainerItemProxy */ = {
			isa = PBXContainerItemProxy;
			containerPortal = FF2B5EC327AD05DB00D91A7C /* Project object */;
			proxyType = 1;
			remoteGlobalIDString = FF2B5ECA27AD05DB00D91A7C;
			remoteInfo = Test;
		};
		FF2B5EE627AD05DD00D91A7C /* PBXContainerItemProxy */ = {
			isa = PBXContainerItemProxy;
			containerPortal = FF2B5EC327AD05DB00D91A7C /* Project object */;
			proxyType = 1;
			remoteGlobalIDString = FF2B5ECA27AD05DB00D91A7C;
			remoteInfo = Test;
		};
/* End PBXContainerItemProxy section */

/* Begin PBXFileReference section */
		FF2B5ECB27AD05DB00D91A7C /* Test.app */ = {isa = PBXFileReference; explicitFileType = wrapper.application; includeInIndex = 0; path = Test.app; sourceTree = BUILT_PRODUCTS_DIR; };
		FF2B5ECE27AD05DB00D91A7C /* TestApp.swift */ = {isa = PBXFileReference; lastKnownFileType = sourcecode.swift; path = TestApp.swift; sourceTree = "<group>"; };
		FF2B5ED027AD05DB00D91A7C /* ContentView.swift */ = {isa = PBXFileReference; lastKnownFileType = sourcecode.swift; path = ContentView.swift; sourceTree = "<group>"; };
		FF2B5ED227AD05DD00D91A7C /* Assets.xcassets */ = {isa = PBXFileReference; lastKnownFileType = folder.assetcatalog; path = Assets.xcassets; sourceTree = "<group>"; };
		FF2B5ED527AD05DD00D91A7C /* Preview Assets.xcassets */ = {isa = PBXFileReference; lastKnownFileType = folder.assetcatalog; path = "Preview Assets.xcassets"; sourceTree = "<group>"; };
		FF2B5EDB27AD05DD00D91A7C /* TestTests.xctest */ = {isa = PBXFileReference; explicitFileType = wrapper.cfbundle; includeInIndex = 0; path = TestTests.xctest; sourceTree = BUILT_PRODUCTS_DIR; };
		FF2B5EDF27AD05DD00D91A7C /* TestTests.swift */ = {isa = PBXFileReference; lastKnownFileType = sourcecode.swift; path = TestTests.swift; sourceTree = "<group>"; };
		FF2B5EE527AD05DD00D91A7C /* TestUITests.xctest */ = {isa = PBXFileReference; explicitFileType = wrapper.cfbundle; includeInIndex = 0; path = TestUITests.xctest; sourceTree = BUILT_PRODUCTS_DIR; };
		FF2B5EE927AD05DD00D91A7C /* TestUITests.swift */ = {isa = PBXFileReference; lastKnownFileType = sourcecode.swift; path = TestUITests.swift; sourceTree = "<group>"; };
		FF2B5EEB27AD05DD00D91A7C /* TestUITestsLaunchTests.swift */ = {isa = PBXFileReference; lastKnownFileType = sourcecode.swift; path = TestUITestsLaunchTests.swift; sourceTree = "<group>"; };
/* End PBXFileReference section */

/* Begin PBXFrameworksBuildPhase section */
		FF2B5EC827AD05DB00D91A7C /* Frameworks */ = {
			isa = PBXFrameworksBuildPhase;
			buildActionMask = 2147483647;
			files = (
			);
			runOnlyForDeploymentPostprocessing = 0;
		};
		FF2B5ED827AD05DD00D91A7C /* Frameworks */ = {
			isa = PBXFrameworksBuildPhase;
			buildActionMask = 2147483647;
			files = (
			);
			runOnlyForDeploymentPostprocessing = 0;
		};
		FF2B5EE227AD05DD00D91A7C /* Frameworks */ = {
			isa = PBXFrameworksBuildPhase;
			buildActionMask = 2147483647;
			files = (
			);
			runOnlyForDeploymentPostprocessing = 0;
		};
/* End PBXFrameworksBuildPhase section */

/* Begin PBXGroup section */
		FF2B5EC227AD05DB00D91A7C = {
			isa = PBXGroup;
			children = (
				FF2B5ECD27AD05DB00D91A7C /* Test */,
				FF2B5EDE27AD05DD00D91A7C /* TestTests */,
				FF2B5EE827AD05DD00D91A7C /* TestUITests */,
				FF2B5ECC27AD05DB00D91A7C /* Products */,
			);
			sourceTree = "<group>";
		};
		FF2B5ECC27AD05DB00D91A7C /* Products */ = {
			isa = PBXGroup;
			children = (
				FF2B5ECB27AD05DB00D91A7C /* Test.app */,
				FF2B5EDB27AD05DD00D91A7C /* TestTests.xctest */,
				FF2B5EE527AD05DD00D91A7C /* TestUITests.xctest */,
			);
			name = Products;
			sourceTree = "<group>";
		};
		FF2B5ECD27AD05DB00D91A7C /* Test */ = {
			isa = PBXGroup;
			children = (
				FF2B5ECE27AD05DB00D91A7C /* TestApp.swift */,
				FF2B5ED027AD05DB00D91A7C /* ContentView.swift */,
				FF2B5ED227AD05DD00D91A7C /* Assets.xcassets */,
				FF2B5ED427AD05DD00D91A7C /* Preview Content */,
			);
			path = Test;
			sourceTree = "<group>";
		};
		FF2B5ED427AD05DD00D91A7C /* Preview Content */ = {
			isa = PBXGroup;
			children = (
				FF2B5ED527AD05DD00D91A7C /* Preview Assets.xcassets */,
			);
			path = "Preview Content";
			sourceTree = "<group>";
		};
		FF2B5EDE27AD05DD00D91A7C /* TestTests */ = {
			isa = PBXGroup;
			children = (
				FF2B5EDF27AD05DD00D91A7C /* TestTests.swift */,
			);
			path = TestTests;
			sourceTree = "<group>";
		};
		FF2B5EE827AD05DD00D91A7C /* TestUITests */ = {
			isa = PBXGroup;
			children = (
				FF2B5EE927AD05DD00D91A7C /* TestUITests.swift */,
				FF2B5EEB27AD05DD00D91A7C /* TestUITestsLaunchTests.swift */,
			);
			path = TestUITests;
			sourceTree = "<group>";
		};
/* End PBXGroup section */

/* Begin PBXNativeTarget section */
		FF2B5ECA27AD05DB00D91A7C /* Test */ = {
			isa = PBXNativeTarget;
			buildConfigurationList = FF2B5EEF27AD05DD00D91A7C /* Build configuration list for PBXNativeTarget "Test" */;
			buildPhases = (
				FF2B5EC727AD05DB00D91A7C /* Sources */,
				FF2B5EC827AD05DB00D91A7C /* Frameworks */,
				FF2B5EC927AD05DB00D91A7C /* Resources */,
			);
			buildRules = (
			);
			dependencies = (
			);
			name = Test;
			productName = Test;
			productReference = FF2B5ECB27AD05DB00D91A7C /* Test.app */;
			productType = "com.apple.product-type.application";
		};
		FF2B5EDA27AD05DD00D91A7C /* TestTests */ = {
			isa = PBXNativeTarget;
			buildConfigurationList = FF2B5EF227AD05DD00D91A7C /* Build configuration list for PBXNativeTarget "TestTests" */;
			buildPhases = (
				FF2B5ED727AD05DD00D91A7C /* Sources */,
				FF2B5ED827AD05DD00D91A7C /* Frameworks */,
				FF2B5ED927AD05DD00D91A7C /* Resources */,
			);
			buildRules = (
			);
			dependencies = (
				FF2B5EDD27AD05DD00D91A7C /* PBXTargetDependency */,
			);
			name = TestTests;
			productName = TestTests;
			productReference = FF2B5EDB27AD05DD00D91A7C /* TestTests.xctest */;
			productType = "com.apple.product-type.bundle.unit-test";
		};
		FF2B5EE427AD05DD00D91A7C /* TestUITests */ = {
			isa = PBXNativeTarget;
			buildConfigurationList = FF2B5EF527AD05DD00D91A7C /* Build configuration list for PBXNativeTarget "TestUITests" */;
			buildPhases = (
				FF2B5EE127AD05DD00D91A7C /* Sources */,
				FF2B5EE227AD05DD00D91A7C /* Frameworks */,
				FF2B5EE327AD05DD00D91A7C /* Resources */,
			);
			buildRules = (
			);
			dependencies = (
				FF2B5EE727AD05DD00D91A7C /* PBXTargetDependency */,
			);
			name = TestUITests;
			productName = TestUITests;
			productReference = FF2B5EE527AD05DD00D91A7C /* TestUITests.xctest */;
			productType = "com.apple.product-type.bundle.ui-testing";
		};
/* End PBXNativeTarget section */

/* Begin PBXProject section */
		FF2B5EC327AD05DB00D91A7C /* Project object */ = {
			isa = PBXProject;
			attributes = {
				BuildIndependentTargetsInParallel = 1;
				LastSwiftUpdateCheck = 1320;
				LastUpgradeCheck = 1320;
				TargetAttributes = {
					FF2B5ECA27AD05DB00D91A7C = {
						CreatedOnToolsVersion = 13.2.1;
					};
					FF2B5EDA27AD05DD00D91A7C = {
						CreatedOnToolsVersion = 13.2.1;
						TestTargetID = FF2B5ECA27AD05DB00D91A7C;
					};
					FF2B5EE427AD05DD00D91A7C = {
						CreatedOnToolsVersion = 13.2.1;
						TestTargetID = FF2B5ECA27AD05DB00D91A7C;
					};
				};
			};
			buildConfigurationList = FF2B5EC627AD05DB00D91A7C /* Build configuration list for PBXProject "Test" */;
			compatibilityVersion = "Xcode 13.0";
			developmentRegion = en;
			hasScannedForEncodings = 0;
			knownRegions = (
				en,
				Base,
			);
			mainGroup = FF2B5EC227AD05DB00D91A7C;
			productRefGroup = FF2B5ECC27AD05DB00D91A7C /* Products */;
			projectDirPath = "";
			projectRoot = "";
			targets = (
				FF2B5ECA27AD05DB00D91A7C /* Test */,
				FF2B5EDA27AD05DD00D91A7C /* TestTests */,
				FF2B5EE427AD05DD00D91A7C /* TestUITests */,
			);
		};
/* End PBXProject section */

/* Begin PBXResourcesBuildPhase section */
		FF2B5EC927AD05DB00D91A7C /* Resources */ = {
			isa = PBXResourcesBuildPhase;
			buildActionMask = 2147483647;
			files = (
				FF2B5ED627AD05DD00D91A7C /* Preview Assets.xcassets in Resources */,
				FF2B5ED327AD05DD00D91A7C /* Assets.xcassets in Resources */,
			);
			runOnlyForDeploymentPostprocessing = 0;
		};
		FF2B5ED927AD05DD00D91A7C /* Resources */ = {
			isa = PBXResourcesBuildPhase;
			buildActionMask = 2147483647;
			files = (
			);
			runOnlyForDeploymentPostprocessing = 0;
		};
		FF2B5EE327AD05DD00D91A7C /* Resources */ = {
			isa = PBXResourcesBuildPhase;
			buildActionMask = 2147483647;
			files = (
			);
			runOnlyForDeploymentPostprocessing = 0;
		};
/* End PBXResourcesBuildPhase section */

/* Begin PBXSourcesBuildPhase section */
		FF2B5EC727AD05DB00D91A7C /* Sources */ = {
			isa = PBXSourcesBuildPhase;
			buildActionMask = 2147483647;
			files = (
				FF2B5ED127AD05DB00D91A7C /* ContentView.swift in Sources */,
				FF2B5ECF27AD05DB00D91A7C /* TestApp.swift in Sources */,
			);
			runOnlyForDeploymentPostprocessing = 0;
		};
		FF2B5ED727AD05DD00D91A7C /* Sources */ = {
			isa = PBXSourcesBuildPhase;
			buildActionMask = 2147483647;
			files = (
				FF2B5EE027AD05DD00D91A7C /* TestTests.swift in Sources */,
			);
			runOnlyForDeploymentPostprocessing = 0;
		};
		FF2B5EE127AD05DD00D91A7C /* Sources */ = {
			isa = PBXSourcesBuildPhase;
			buildActionMask = 2147483647;
			files = (
				FF2B5EEC27AD05DD00D91A7C /* TestUITestsLaunchTests.swift in Sources */,
				FF2B5EEA27AD05DD00D91A7C /* TestUITests.swift in Sources */,
			);
			runOnlyForDeploymentPostprocessing = 0;
		};
/* End PBXSourcesBuildPhase section */

/* Begin PBXTargetDependency section */
		FF2B5EDD27AD05DD00D91A7C /* PBXTargetDependency */ = {
			isa = PBXTargetDependency;
			target = FF2B5ECA27AD05DB00D91A7C /* Test */;
			targetProxy = FF2B5EDC27AD05DD00D91A7C /* PBXContainerItemProxy */;
		};
		FF2B5EE727AD05DD00D91A7C /* PBXTargetDependency */ = {
			isa = PBXTargetDependency;
			target = FF2B5ECA27AD05DB00D91A7C /* Test */;
			targetProxy = FF2B5EE627AD05DD00D91A7C /* PBXContainerItemProxy */;
		};
/* End PBXTargetDependency section */

/* Begin XCBuildConfiguration section */
		FF2B5EED27AD05DD00D91A7C /* Debug */ = {
			isa = XCBuildConfiguration;
			buildSettings = {
				ALWAYS_SEARCH_USER_PATHS = NO;
				CLANG_ANALYZER_NONNULL = YES;
				CLANG_ANALYZER_NUMBER_OBJECT_CONVERSION = YES_AGGRESSIVE;
				CLANG_CXX_LANGUAGE_STANDARD = "gnu++17";
				CLANG_CXX_LIBRARY = "libc++";
				CLANG_ENABLE_MODULES = YES;
				CLANG_ENABLE_OBJC_ARC = YES;
				CLANG_ENABLE_OBJC_WEAK = YES;
				CLANG_WARN_BLOCK_CAPTURE_AUTORELEASING = YES;
				CLANG_WARN_BOOL_CONVERSION = YES;
				CLANG_WARN_COMMA = YES;
				CLANG_WARN_CONSTANT_CONVERSION = YES;
				CLANG_WARN_DEPRECATED_OBJC_IMPLEMENTATIONS = YES;
				CLANG_WARN_DIRECT_OBJC_ISA_USAGE = YES_ERROR;
				CLANG_WARN_DOCUMENTATION_COMMENTS = YES;
				CLANG_WARN_EMPTY_BODY = YES;
				CLANG_WARN_ENUM_CONVERSION = YES;
				CLANG_WARN_INFINITE_RECURSION = YES;
				CLANG_WARN_INT_CONVERSION = YES;
				CLANG_WARN_NON_LITERAL_NULL_CONVERSION = YES;
				CLANG_WARN_OBJC_IMPLICIT_RETAIN_SELF = YES;
				CLANG_WARN_OBJC_LITERAL_CONVERSION = YES;
				CLANG_WARN_OBJC_ROOT_CLASS = YES_ERROR;
				CLANG_WARN_QUOTED_INCLUDE_IN_FRAMEWORK_HEADER = YES;
				CLANG_WARN_RANGE_LOOP_ANALYSIS = YES;
				CLANG_WARN_STRICT_PROTOTYPES = YES;
				CLANG_WARN_SUSPICIOUS_MOVE = YES;
				CLANG_WARN_UNGUARDED_AVAILABILITY = YES_AGGRESSIVE;
				CLANG_WARN_UNREACHABLE_CODE = YES;
				CLANG_WARN__DUPLICATE_METHOD_MATCH = YES;
				COPY_PHASE_STRIP = NO;
				DEBUG_INFORMATION_FORMAT = dwarf;
				ENABLE_STRICT_OBJC_MSGSEND = YES;
				ENABLE_TESTABILITY = YES;
				GCC_C_LANGUAGE_STANDARD = gnu11;
				GCC_DYNAMIC_NO_PIC = NO;
				GCC_NO_COMMON_BLOCKS = YES;
				GCC_OPTIMIZATION_LEVEL = 0;
				GCC_PREPROCESSOR_DEFINITIONS = (
					"DEBUG=1",
					"$(inherited)",
				);
				GCC_WARN_64_TO_32_BIT_CONVERSION = YES;
				GCC_WARN_ABOUT_RETURN_TYPE = YES_ERROR;
				GCC_WARN_UNDECLARED_SELECTOR = YES;
				GCC_WARN_UNINITIALIZED_AUTOS = YES_AGGRESSIVE;
				GCC_WARN_UNUSED_FUNCTION = YES;
				GCC_WARN_UNUSED_VARIABLE = YES;
				IPHONEOS_DEPLOYMENT_TARGET = 15.2;
				MTL_ENABLE_DEBUG_INFO = INCLUDE_SOURCE;
				MTL_FAST_MATH = YES;
				ONLY_ACTIVE_ARCH = YES;
				SDKROOT = iphoneos;
				SWIFT_ACTIVE_COMPILATION_CONDITIONS = DEBUG;
				SWIFT_OPTIMIZATION_LEVEL = "-Onone";
			};
			name = Debug;
		};
		FF2B5EEE27AD05DD00D91A7C /* Release */ = {
			isa = XCBuildConfiguration;
			buildSettings = {
				ALWAYS_SEARCH_USER_PATHS = NO;
				CLANG_ANALYZER_NONNULL = YES;
				CLANG_ANALYZER_NUMBER_OBJECT_CONVERSION = YES_AGGRESSIVE;
				CLANG_CXX_LANGUAGE_STANDARD = "gnu++17";
				CLANG_CXX_LIBRARY = "libc++";
				CLANG_ENABLE_MODULES = YES;
				CLANG_ENABLE_OBJC_ARC = YES;
				CLANG_ENABLE_OBJC_WEAK = YES;
				CLANG_WARN_BLOCK_CAPTURE_AUTORELEASING = YES;
				CLANG_WARN_BOOL_CONVERSION = YES;
				CLANG_WARN_COMMA = YES;
				CLANG_WARN_CONSTANT_CONVERSION = YES;
				CLANG_WARN_DEPRECATED_OBJC_IMPLEMENTATIONS = YES;
				CLANG_WARN_DIRECT_OBJC_ISA_USAGE = YES_ERROR;
				CLANG_WARN_DOCUMENTATION_COMMENTS = YES;
				CLANG_WARN_EMPTY_BODY = YES;
				CLANG_WARN_ENUM_CONVERSION = YES;
				CLANG_WARN_INFINITE_RECURSION = YES;
				CLANG_WARN_INT_CONVERSION = YES;
				CLANG_WARN_NON_LITERAL_NULL_CONVERSION = YES;
				CLANG_WARN_OBJC_IMPLICIT_RETAIN_SELF = YES;
				CLANG_WARN_OBJC_LITERAL_CONVERSION = YES;
				CLANG_WARN_OBJC_ROOT_CLASS = YES_ERROR;
				CLANG_WARN_QUOTED_INCLUDE_IN_FRAMEWORK_HEADER = YES;
				CLANG_WARN_RANGE_LOOP_ANALYSIS = YES;
				CLANG_WARN_STRICT_PROTOTYPES = YES;
				CLANG_WARN_SUSPICIOUS_MOVE = YES;
				CLANG_WARN_UNGUARDED_AVAILABILITY = YES_AGGRESSIVE;
				CLANG_WARN_UNREACHABLE_CODE = YES;
				CLANG_WARN__DUPLICATE_METHOD_MATCH = YES;
				COPY_PHASE_STRIP = NO;
				DEBUG_INFORMATION_FORMAT = "dwarf-with-dsym";
				ENABLE_NS_ASSERTIONS = NO;
				ENABLE_STRICT_OBJC_MSGSEND = YES;
				GCC_C_LANGUAGE_STANDARD = gnu11;
				GCC_NO_COMMON_BLOCKS = YES;
				GCC_WARN_64_TO_32_BIT_CONVERSION = YES;
				GCC_WARN_ABOUT_RETURN_TYPE = YES_ERROR;
				GCC_WARN_UNDECLARED_SELECTOR = YES;
				GCC_WARN_UNINITIALIZED_AUTOS = YES_AGGRESSIVE;
				GCC_WARN_UNUSED_FUNCTION = YES;
				GCC_WARN_UNUSED_VARIABLE = YES;
				IPHONEOS_DEPLOYMENT_TARGET = 15.2;
				MTL_ENABLE_DEBUG_INFO = NO;
				MTL_FAST_MATH = YES;
				SDKROOT = iphoneos;
				SWIFT_COMPILATION_MODE = wholemodule;
				SWIFT_OPTIMIZATION_LEVEL = "-O";
				VALIDATE_PRODUCT = YES;
			};
			name = Release;
		};
		FF2B5EF027AD05DD00D91A7C /* Debug */ = {
			isa = XCBuildConfiguration;
			buildSettings = {
				ASSETCATALOG_COMPILER_APPICON_NAME = AppIcon;
				ASSETCATALOG_COMPILER_GLOBAL_ACCENT_COLOR_NAME = AccentColor;
				CODE_SIGN_STYLE = Automatic;
				CURRENT_PROJECT_VERSION = 1;
				DEVELOPMENT_ASSET_PATHS = "\"Test/Preview Content\"";
				ENABLE_PREVIEWS = YES;
				GENERATE_INFOPLIST_FILE = YES;
				INFOPLIST_KEY_UIApplicationSceneManifest_Generation = YES;
				INFOPLIST_KEY_UIApplicationSupportsIndirectInputEvents = YES;
				INFOPLIST_KEY_UILaunchScreen_Generation = YES;
				INFOPLIST_KEY_UISupportedInterfaceOrientations_iPad = "UIInterfaceOrientationPortrait UIInterfaceOrientationPortraitUpsideDown UIInterfaceOrientationLandscapeLeft UIInterfaceOrientationLandscapeRight";
				INFOPLIST_KEY_UISupportedInterfaceOrientations_iPhone = "UIInterfaceOrientationPortrait UIInterfaceOrientationLandscapeLeft UIInterfaceOrientationLandscapeRight";
				LD_RUNPATH_SEARCH_PATHS = (
					"$(inherited)",
					"@executable_path/Frameworks",
				);
				MARKETING_VERSION = 1.0;
				PRODUCT_BUNDLE_IDENTIFIER = HI.Test;
				PRODUCT_NAME = "$(TARGET_NAME)";
				SWIFT_EMIT_LOC_STRINGS = YES;
				SWIFT_VERSION = 5.0;
				TARGETED_DEVICE_FAMILY = "1,2";
			};
			name = Debug;
		};
		FF2B5EF127AD05DD00D91A7C /* Release */ = {
			isa = XCBuildConfiguration;
			buildSettings = {
				ASSETCATALOG_COMPILER_APPICON_NAME = AppIcon;
				ASSETCATALOG_COMPILER_GLOBAL_ACCENT_COLOR_NAME = AccentColor;
				CODE_SIGN_STYLE = Automatic;
				CURRENT_PROJECT_VERSION = 1;
				DEVELOPMENT_ASSET_PATHS = "\"Test/Preview Content\"";
				ENABLE_PREVIEWS = YES;
				GENERATE_INFOPLIST_FILE = YES;
				INFOPLIST_KEY_UIApplicationSceneManifest_Generation = YES;
				INFOPLIST_KEY_UIApplicationSupportsIndirectInputEvents = YES;
				INFOPLIST_KEY_UILaunchScreen_Generation = YES;
				INFOPLIST_KEY_UISupportedInterfaceOrientations_iPad = "UIInterfaceOrientationPortrait UIInterfaceOrientationPortraitUpsideDown UIInterfaceOrientationLandscapeLeft UIInterfaceOrientationLandscapeRight";
				INFOPLIST_KEY_UISupportedInterfaceOrientations_iPhone = "UIInterfaceOrientationPortrait UIInterfaceOrientationLandscapeLeft UIInterfaceOrientationLandscapeRight";
				LD_RUNPATH_SEARCH_PATHS = (
					"$(inherited)",
					"@executable_path/Frameworks",
				);
				MARKETING_VERSION = 1.0;
				PRODUCT_BUNDLE_IDENTIFIER = HI.Test;
				PRODUCT_NAME = "$(TARGET_NAME)";
				SWIFT_EMIT_LOC_STRINGS = YES;
				SWIFT_VERSION = 5.0;
				TARGETED_DEVICE_FAMILY = "1,2";
			};
			name = Release;
		};
		FF2B5EF327AD05DD00D91A7C /* Debug */ = {
			isa = XCBuildConfiguration;
			buildSettings = {
				ALWAYS_EMBED_SWIFT_STANDARD_LIBRARIES = YES;
				BUNDLE_LOADER = "$(TEST_HOST)";
				CODE_SIGN_STYLE = Automatic;
				CURRENT_PROJECT_VERSION = 1;
				GENERATE_INFOPLIST_FILE = YES;
				IPHONEOS_DEPLOYMENT_TARGET = 15.2;
				MARKETING_VERSION = 1.0;
				PRODUCT_BUNDLE_IDENTIFIER = HI.TestTests;
				PRODUCT_NAME = "$(TARGET_NAME)";
				SWIFT_EMIT_LOC_STRINGS = NO;
				SWIFT_VERSION = 5.0;
				TARGETED_DEVICE_FAMILY = "1,2";
				TEST_HOST = "$(BUILT_PRODUCTS_DIR)/Test.app/Test";
			};
			name = Debug;
		};
		FF2B5EF427AD05DD00D91A7C /* Release */ = {
			isa = XCBuildConfiguration;
			buildSettings = {
				ALWAYS_EMBED_SWIFT_STANDARD_LIBRARIES = YES;
				BUNDLE_LOADER = "$(TEST_HOST)";
				CODE_SIGN_STYLE = Automatic;
				CURRENT_PROJECT_VERSION = 1;
				GENERATE_INFOPLIST_FILE = YES;
				IPHONEOS_DEPLOYMENT_TARGET = 15.2;
				MARKETING_VERSION = 1.0;
				PRODUCT_BUNDLE_IDENTIFIER = HI.TestTests;
				PRODUCT_NAME = "$(TARGET_NAME)";
				SWIFT_EMIT_LOC_STRINGS = NO;
				SWIFT_VERSION = 5.0;
				TARGETED_DEVICE_FAMILY = "1,2";
				TEST_HOST = "$(BUILT_PRODUCTS_DIR)/Test.app/Test";
			};
			name = Release;
		};
		FF2B5EF627AD05DD00D91A7C /* Debug */ = {
			isa = XCBuildConfiguration;
			buildSettings = {
				ALWAYS_EMBED_SWIFT_STANDARD_LIBRARIES = YES;
				CODE_SIGN_STYLE = Automatic;
				CURRENT_PROJECT_VERSION = 1;
				GENERATE_INFOPLIST_FILE = YES;
				MARKETING_VERSION = 1.0;
				PRODUCT_BUNDLE_IDENTIFIER = HI.TestUITests;
				PRODUCT_NAME = "$(TARGET_NAME)";
				SWIFT_EMIT_LOC_STRINGS = NO;
				SWIFT_VERSION = 5.0;
				TARGETED_DEVICE_FAMILY = "1,2";
				TEST_TARGET_NAME = Test;
			};
			name = Debug;
		};
		FF2B5EF727AD05DD00D91A7C /* Release */ = {
			isa = XCBuildConfiguration;
			buildSettings = {
				ALWAYS_EMBED_SWIFT_STANDARD_LIBRARIES = YES;
				CODE_SIGN_STYLE = Automatic;
				CURRENT_PROJECT_VERSION = 1;
				GENERATE_INFOPLIST_FILE = YES;
				MARKETING_VERSION = 1.0;
				PRODUCT_BUNDLE_IDENTIFIER = HI.TestUITests;
				PRODUCT_NAME = "$(TARGET_NAME)";
				SWIFT_EMIT_LOC_STRINGS = NO;
				SWIFT_VERSION = 5.0;
				TARGETED_DEVICE_FAMILY = "1,2";
				TEST_TARGET_NAME = Test;
			};
			name = Release;
		};
/* End XCBuildConfiguration section */

/* Begin XCConfigurationList section */
		FF2B5EC627AD05DB00D91A7C /* Build configuration list for PBXProject "Test" */ = {
			isa = XCConfigurationList;
			buildConfigurations = (
				FF2B5EED27AD05DD00D91A7C /* Debug */,
				FF2B5EEE27AD05DD00D91A7C /* Release */,
			);
			defaultConfigurationIsVisible = 0;
			defaultConfigurationName = Release;
		};
		FF2B5EEF27AD05DD00D91A7C /* Build configuration list for PBXNativeTarget "Test" */ = {
			isa = XCConfigurationList;
			buildConfigurations = (
				FF2B5EF027AD05DD00D91A7C /* Debug */,
				FF2B5EF127AD05DD00D91A7C /* Release */,
			);
			defaultConfigurationIsVisible = 0;
			defaultConfigurationName = Release;
		};
		FF2B5EF227AD05DD00D91A7C /* Build configuration list for PBXNativeTarget "TestTests" */ = {
			isa = XCConfigurationList;
			buildConfigurations = (
				FF2B5EF327AD05DD00D91A7C /* Debug */,
				FF2B5EF427AD05DD00D91A7C /* Release */,
			);
			defaultConfigurationIsVisible = 0;
			defaultConfigurationName = Release;
		};
		FF2B5EF527AD05DD00D91A7C /* Build configuration list for PBXNativeTarget "TestUITests" */ = {
			isa = XCConfigurationList;
			buildConfigurations = (
				FF2B5EF627AD05DD00D91A7C /* Debug */,
				FF2B5EF727AD05DD00D91A7C /* Release */,
			);
			defaultConfigurationIsVisible = 0;
			defaultConfigurationName = Release;
		};
/* End XCConfigurationList section */
	};
	rootObject = FF2B5EC327AD05DB00D91A7C /* Project object */;
}
